
Microsoft Visual Studio Solution File, Format Version 12.00
# Visual Studio 2015
Project("{FAE04EC0-301F-11D3-BF4B-00C04F79EFBC}") = "CHASE", "CHASE.csproj", "{450034C7-BAFB-C73A-4C30-F1A9DBFFCF8C}"
EndProject
Global
	GlobalSection(SolutionConfigurationPlatforms) = preSolution
		Debug|Any CPU = Debug|Any CPU
		Release|Any CPU = Release|Any CPU
	EndGlobalSection
	GlobalSection(ProjectConfigurationPlatforms) = postSolution
		{450034C7-BAFB-C73A-4C30-F1A9DBFFCF8C}.Debug|Any CPU.ActiveCfg = Debug|Any CPU
		{450034C7-BAFB-C73A-4C30-F1A9DBFFCF8C}.Debug|Any CPU.Build.0 = Debug|Any CPU
		{450034C7-BAFB-C73A-4C30-F1A9DBFFCF8C}.Release|Any CPU.ActiveCfg = Release|Any CPU
		{450034C7-BAFB-C73A-4C30-F1A9DBFFCF8C}.Release|Any CPU.Build.0 = Release|Any CPU
	EndGlobalSection
	GlobalSection(SolutionProperties) = preSolution
		HideSolutionNode = FALSE
	EndGlobalSection
EndGlobal
